
Microsoft Visual Studio Solution File, Format Version 12.00
# Visual Studio Version 17
VisualStudioVersion = 17.0.31903.59
MinimumVisualStudioVersion = 10.0.40219.1
Project("{FAE04EC0-301F-11D3-BF4B-00C04F79EFBC}") = "Payment.Domain", "Payment.Domain\Payment.Domain.csproj", "{910A6080-97CD-4A3D-A407-56E318EB769B}"
EndProject
Project("{FAE04EC0-301F-11D3-BF4B-00C04F79EFBC}") = "Payment.Domain.Tests", "Payment.Domain.Tests\Payment.Domain.Tests.csproj", "{909F3D87-2FB4-4ADB-BE3C-C307F2B48245}"
EndProject
Global
	GlobalSection(SolutionConfigurationPlatforms) = preSolution
		Debug|Any CPU = Debug|Any CPU
		Release|Any CPU = Release|Any CPU
	EndGlobalSection
	GlobalSection(SolutionProperties) = preSolution
		HideSolutionNode = FALSE
	EndGlobalSection
	GlobalSection(ProjectConfigurationPlatforms) = postSolution
		{910A6080-97CD-4A3D-A407-56E318EB769B}.Debug|Any CPU.ActiveCfg = Debug|Any CPU
		{910A6080-97CD-4A3D-A407-56E318EB769B}.Debug|Any CPU.Build.0 = Debug|Any CPU
		{910A6080-97CD-4A3D-A407-56E318EB769B}.Release|Any CPU.ActiveCfg = Release|Any CPU
		{910A6080-97CD-4A3D-A407-56E318EB769B}.Release|Any CPU.Build.0 = Release|Any CPU
		{909F3D87-2FB4-4ADB-BE3C-C307F2B48245}.Debug|Any CPU.ActiveCfg = Debug|Any CPU
		{909F3D87-2FB4-4ADB-BE3C-C307F2B48245}.Debug|Any CPU.Build.0 = Debug|Any CPU
		{909F3D87-2FB4-4ADB-BE3C-C307F2B48245}.Release|Any CPU.ActiveCfg = Release|Any CPU
		{909F3D87-2FB4-4ADB-BE3C-C307F2B48245}.Release|Any CPU.Build.0 = Release|Any CPU
	EndGlobalSection
EndGlobal
